{
    "_meta": {
        "hash": {
            "sha256": "99d156e304b7f2dc531f676bf1d80b132fd8bd603be9d0eb80708e12997572e8"
        },
        "host-environment-markers": {
            "implementation_name": "cpython",
            "implementation_version": "3.6.4",
            "os_name": "posix",
            "platform_machine": "x86_64",
            "platform_python_implementation": "CPython",
            "platform_release": "16.7.0",
            "platform_system": "Darwin",
            "platform_version": "Darwin Kernel Version 16.7.0: Thu Jan 11 22:59:40 PST 2018; root:xnu-3789.73.8~1/RELEASE_X86_64",
            "python_full_version": "3.6.4",
            "python_version": "3.6",
            "sys_platform": "darwin"
        },
        "pipfile-spec": 6,
        "requires": {
            "python_version": "3.6"
        },
        "sources": [
            {
                "name": "pypi",
                "url": "https://pypi.python.org/simple",
                "verify_ssl": true
            }
        ]
    },
    "default": {
        "boto3": {
            "hashes": [
                "sha256:68a5219f64790e663957e5ceb0162c3c3c6b0115ead68e50b7134c4d34b875c0",
                "sha256:74e38e9fd0d6450d8a95dae2158cb6f4c7279bb3249b486b4ebe00819db643b9"
            ],
            "version": "==1.5.35"
        },
        "botocore": {
            "hashes": [
                "sha256:fe78e5944701c59178bc3a0968070636039de434741ef5acda41d99f9b72ceac",
                "sha256:fe0b45216e3a34507aefdf7a67bf53f9303abb23ba4b1899824d16ecfa0433fd"
            ],
            "version": "==1.8.49"
        },
        "docutils": {
            "hashes": [
                "sha256:7a4bd47eaf6596e1295ecb11361139febe29b084a87bf005bf899f9a42edc3c6",
                "sha256:02aec4bd92ab067f6ff27a38a38a41173bf01bed8f89157768c1573f53e474a6",
                "sha256:51e64ef2ebfb29cae1faa133b3710143496eca21c530f3f71424d77687764274"
            ],
            "version": "==0.14"
        },
        "futures": {
            "hashes": [
                "sha256:c4884a65654a7c45435063e14ae85280eb1f111d94e542396717ba9828c4337f",
                "sha256:51ecb45f0add83c806c68e4b06106f90db260585b25ef2abfcda0bd95c0132fd"
            ],
            "markers": "python_version == '2.6' or python_version == '2.7'",
            "version": "==3.1.1"
        },
        "jmespath": {
            "hashes": [
                "sha256:f11b4461f425740a1d908e9a3f7365c3d2e569f6ca68a2ff8bc5bcd9676edd63",
                "sha256:6a81d4c9aa62caf061cb517b4d9ad1dd300374cd4706997aff9cd6aedd61fc64"
            ],
            "version": "==0.9.3"
        },
        "python-dateutil": {
            "hashes": [
                "sha256:95511bae634d69bc7329ba55e646499a842bc4ec342ad54a8cdb65645a0aad3c",
                "sha256:891c38b2a02f5bb1be3e4793866c8df49c7d19baabf9c1bad62547e0b4866aca"
            ],
            "version": "==2.6.1"
        },
        "s3transfer": {
            "hashes": [
                "sha256:c7a9ec356982d5e9ab2d4b46391a7d6a950e2b04c472419f5fdec70cc0ada72f",
                "sha256:90dc18e028989c609146e241ea153250be451e05ecc0c2832565231dacdf59c1"
            ],
            "version": "==0.1.13"
        },
        "six": {
            "hashes": [
                "sha256:832dc0e10feb1aa2c68dcc57dbb658f1c7e65b9b61af69048abc87a2db00a0eb",
                "sha256:70e8a77beed4562e7f14fe23a786b54f6296e34344c23bc42f07b15018ff98e9"
            ],
            "version": "==1.11.0"
        }
    },
    "develop": {
        "astroid": {
            "hashes": [
                "sha256:db5cfc9af6e0b60cd07c19478fb54021fc20d2d189882fbcbc94fc69a8aecc58",
                "sha256:f0a0e386dbca9f93ea9f3ea6f32b37a24720502b7baa9cb17c3976a680d43a06"
            ],
            "version": "==1.6.1"
        },
        "autopep8": {
            "hashes": [
                "sha256:c7be71ab0cb2f50c9c22c82f0c9acaafc6f57492c3fbfee9790c415005c2b9a5"
            ],
            "version": "==1.3.4"
        },
        "backports.functools-lru-cache": {
            "hashes": [
                "sha256:f0b0e4eba956de51238e17573b7087e852dfe9854afd2e9c873f73fc0ca0a6dd",
                "sha256:9d98697f088eb1b0fa451391f91afb5e3ebde16bbdb272819fd091151fda4f1a"
            ],
            "markers": "python_version == '2.7'",
            "version": "==1.5"
        },
        "configparser": {
            "hashes": [
                "sha256:5308b47021bc2340965c371f0f058cc6971a04502638d4244225c49d80db273a"
            ],
            "markers": "python_version == '2.7'",
            "version": "==3.5.0"
        },
        "enum34": {
            "hashes": [
                "sha256:6bd0f6ad48ec2aa117d3d141940d484deccda84d4fcd884f5c3d93c23ecd8c79",
                "sha256:644837f692e5f550741432dd3f223bbb9852018674981b1664e5dc339387588a",
                "sha256:8ad8c4783bf61ded74527bffb48ed9b54166685e4230386a9ed9b1279e2df5b1",
                "sha256:2d81cbbe0e73112bdfe6ef8576f2238f2ba27dd0d55752a776c41d38b7da2850"
            ],
            "markers": "python_version < '3.4'",
            "version": "==1.1.6"
        },
        "futures": {
            "hashes": [
                "sha256:c4884a65654a7c45435063e14ae85280eb1f111d94e542396717ba9828c4337f",
                "sha256:51ecb45f0add83c806c68e4b06106f90db260585b25ef2abfcda0bd95c0132fd"
            ],
            "version": "==3.1.1"
        },
        "isort": {
            "hashes": [
                "sha256:ec9ef8f4a9bc6f71eec99e1806bfa2de401650d996c59330782b89a5555c1497",
                "sha256:1153601da39a25b14ddc54955dbbacbb6b2d19135386699e2ad58517953b34af",
                "sha256:b9c40e9750f3d77e6e4d441d8b0266cf555e7cdabdcff33c4fd06366ca761ef8"
            ],
            "version": "==4.3.4"
        },
        "lazy-object-proxy": {
            "hashes": [
                "sha256:209615b0fe4624d79e50220ce3310ca1a9445fd8e6d3572a896e7f9146bbf019",
                "sha256:1b668120716eb7ee21d8a38815e5eb3bb8211117d9a90b0f8e21722c0758cc39",
                "sha256:cb924aa3e4a3fb644d0c463cad5bc2572649a6a3f68a7f8e4fbe44aaa6d77e4c",
                "sha256:2c1b21b44ac9beb0fc848d3993924147ba45c4ebc24be19825e57aabbe74a99e",
                "sha256:320ffd3de9699d3892048baee45ebfbbf9388a7d65d832d7e580243ade426d2b",
                "sha256:2df72ab12046a3496a92476020a1a0abf78b2a7db9ff4dc2036b8dd980203ae6",
                "sha256:27ea6fd1c02dcc78172a82fc37fcc0992a94e4cecf53cb6d73f11749825bd98b",
                "sha256:e5b9e8f6bda48460b7b143c3821b21b452cb3a835e6bbd5dd33aa0c8d3f5137d",
                "sha256:7661d401d60d8bf15bb5da39e4dd72f5d764c5aff5a86ef52a042506e3e970ff",
                "sha256:61a6cf00dcb1a7f0c773ed4acc509cb636af2d6337a08f362413c76b2b47a8dd",
                "sha256:bd6292f565ca46dee4e737ebcc20742e3b5be2b01556dafe169f6c65d088875f",
                "sha256:933947e8b4fbe617a51528b09851685138b49d511af0b6c0da2539115d6d4514",
                "sha256:d0fc7a286feac9077ec52a927fc9fe8fe2fabab95426722be4c953c9a8bede92",
                "sha256:7f3a2d740291f7f2c111d86a1c4851b70fb000a6c8883a59660d95ad57b9df35",
                "sha256:5276db7ff62bb7b52f77f1f51ed58850e315154249aceb42e7f4c611f0f847ff",
                "sha256:94223d7f060301b3a8c09c9b3bc3294b56b2188e7d8179c762a1cda72c979252",
                "sha256:6ae6c4cb59f199d8827c5a07546b2ab7e85d262acaccaacd49b62f53f7c456f7",
                "sha256:f460d1ceb0e4a5dcb2a652db0904224f367c9b3c1470d5a7683c0480e582468b",
                "sha256:e81ebf6c5ee9684be8f2c87563880f93eedd56dd2b6146d8a725b50b7e5adb0f",
                "sha256:81304b7d8e9c824d058087dcb89144842c8e0dea6d281c031f59f0acf66963d4",
                "sha256:ddc34786490a6e4ec0a855d401034cbd1242ef186c20d79d2166d6a4bd449577",
                "sha256:7bd527f36a605c914efca5d3d014170b2cb184723e423d26b1fb2fd9108e264d",
                "sha256:ab3ca49afcb47058393b0122428358d2fbe0408cf99f1b58b295cfeb4ed39109",
                "sha256:7cb54db3535c8686ea12e9535eb087d32421184eacc6939ef15ef50f83a5e7e2",
                "sha256:0ce34342b419bd8f018e6666bfef729aec3edf62345a53b537a4dcc115746a33",
                "sha256:e34b155e36fa9da7e1b7c738ed7767fc9491a62ec6af70fe9da4a057759edc2d",
                "sha256:50e3b9a464d5d08cc5227413db0d1c4707b6172e4d4d915c1c70e4de0bbff1f5",
                "sha256:27bf62cb2b1a2068d443ff7097ee33393f8483b570b475db8ebf7e1cba64f088",
                "sha256:eb91be369f945f10d3a49f5f9be8b3d0b93a4c2be8f8a5b83b0571b8123e0a7a"
            ],
            "version": "==1.3.1"
        },
        "mccabe": {
            "hashes": [
                "sha256:ab8a6258860da4b6677da4bd2fe5dc2c659cff31b3ee4f7f5d64e79735b80d42",
                "sha256:dd8d182285a0fe56bace7f45b5e7d1a6ebcbf524e8f3bd87eb0f125271b8831f"
            ],
            "version": "==0.6.1"
        },
        "mypy": {
            "hashes": [
                "sha256:aa668809ae0dbec5e9feb8929f4b5e1f9318a0a397447fa2f38c382a2ed6a036",
                "sha256:bd0c9a2fcf0c4f7a54a2b625f466fcc000d415f371298d96fa5d2acc69074aca"
            ],
            "version": "==0.560"
        },
        "psutil": {
            "hashes": [
                "sha256:82a06785db8eeb637b349006cc28a92e40cd190fefae9875246d18d0de7ccac8",
                "sha256:4152ae231709e3e8b80e26b6da20dc965a1a589959c48af1ed024eca6473f60d",
                "sha256:230eeb3aeb077814f3a2cd036ddb6e0f571960d327298cc914c02385c3e02a63",
                "sha256:a3286556d4d2f341108db65d8e20d0cd3fcb9a91741cb5eb496832d7daf2a97c",
                "sha256:94d4e63189f2593960e73acaaf96be235dd8a455fe2bcb37d8ad6f0e87f61556",
                "sha256:c91eee73eea00df5e62c741b380b7e5b6fdd553891bee5669817a3a38d036f13",
                "sha256:779ec7e7621758ca11a8d99a1064996454b3570154277cc21342a01148a49c28",
                "sha256:8a15d773203a1277e57b1d11a7ccdf70804744ef4a9518a87ab8436995c31a4b",
                "sha256:e2467e9312c2fa191687b89ff4bc2ad8843be4af6fb4dc95a7cc5f7d7a327b18"
            ],
            "version": "==5.4.3"
        },
        "pycodestyle": {
            "hashes": [
                "sha256:6c4245ade1edfad79c3446fadfc96b0de2759662dc29d07d80a6f27ad1ca6ba9",
                "sha256:682256a5b318149ca0d2a9185d365d8864a768a28db66a84a2ea946bcc426766"
            ],
            "version": "==2.3.1"
        },
        "pylint": {
            "hashes": [
                "sha256:156839bedaa798febee72893beef00c650c2e7abafb5586fc7a6a56be7f80412",
                "sha256:4fe3b99da7e789545327b75548cee6b511e4faa98afe268130fea1af4b5ec022"
            ],
            "version": "==1.8.2"
        },
        "rope": {
            "hashes": [
                "sha256:a09edfd2034fd50099a67822f9bd851fbd0f4e98d3b87519f6267b60e50d80d1"
            ],
            "version": "==0.10.7"
        },
        "singledispatch": {
            "hashes": [
                "sha256:833b46966687b3de7f438c761ac475213e53b306740f1abfaa86e1d1aae56aa8",
                "sha256:5b06af87df13818d14f08a028e42f566640aef80805c3b50c5056b086e3c2b9c"
            ],
            "markers": "python_version < '3.4'",
            "version": "==3.4.0.3"
        },
        "six": {
            "hashes": [
                "sha256:832dc0e10feb1aa2c68dcc57dbb658f1c7e65b9b61af69048abc87a2db00a0eb",
                "sha256:70e8a77beed4562e7f14fe23a786b54f6296e34344c23bc42f07b15018ff98e9"
            ],
            "version": "==1.11.0"
        },
        "typed-ast": {
            "hashes": [
                "sha256:0948004fa228ae071054f5208840a1e88747a357ec1101c17217bfe99b299d58",
                "sha256:25d8feefe27eb0303b73545416b13d108c6067b846b543738a25ff304824ed9a",
                "sha256:c05b41bc1deade9f90ddc5d988fe506208019ebba9f2578c622516fd201f5863",
                "sha256:519425deca5c2b2bdac49f77b2c5625781abbaf9a809d727d3a5596b30bb4ded",
                "sha256:6de012d2b166fe7a4cdf505eee3aaa12192f7ba365beeefaca4ec10e31241a85",
                "sha256:79b91ebe5a28d349b6d0d323023350133e927b4de5b651a8aa2db69c761420c6",
                "sha256:a8034021801bc0440f2e027c354b4eafd95891b573e12ff0418dec385c76785c",
                "sha256:f19f2a4f547505fe9072e15f6f4ae714af51b5a681a97f187971f50c283193b6",
                "sha256:c9b060bd1e5a26ab6e8267fd46fc9e02b54eb15fffb16d112d4c7b1c12987559",
                "sha256:2e214b72168ea0275efd6c884b114ab42e316de3ffa125b267e732ed2abda892",
                "sha256:bc978ac17468fe868ee589c795d06777f75496b1ed576d308002c8a5756fb9ea",
                "sha256:edb04bdd45bfd76c8292c4d9654568efaedf76fe78eb246dde69bdb13b2dad87",
                "sha256:668d0cec391d9aed1c6a388b0d5b97cd22e6073eaa5fbaa6d2946603b4871efe",
                "sha256:29464a177d56e4e055b5f7b629935af7f49c196be47528cc94e0a7bf83fbc2b9",
                "sha256:8550177fa5d4c1f09b5e5f524411c44633c80ec69b24e0e98906dd761941ca46",
                "sha256:3e0d5e48e3a23e9a4d1a9f698e32a542a4a288c871d33ed8df1b092a40f3a0f9",
                "sha256:68ba70684990f59497680ff90d18e756a47bf4863c604098f10de9716b2c0bdd",
                "sha256:57fe287f0cdd9ceaf69e7b71a2e94a24b5d268b35df251a88fef5cc241bf73aa"
            ],
            "version": "==1.1.0"
        },
        "typing": {
            "hashes": [
                "sha256:b2c689d54e1144bbcfd191b0832980a21c2dbcf7b5ff7a66248a60c90e951eb8",
                "sha256:3a887b021a77b292e151afb75323dea88a7bc1b3dfa92176cff8e44c8b68bddf",
                "sha256:d400a9344254803a2368533e4533a4200d21eb7b6b729c173bc38201a74db3f2"
            ],
            "version": "==3.6.4"
        },
        "wrapt": {
            "hashes": [
                "sha256:d4d560d479f2c21e1b5443bbd15fe7ec4b37fe7e53d335d3b9b0a7b1226fe3c6"
            ],
            "version": "==1.10.11"
        }
    }
}
